<?xml version="1.0" encoding="utf-8"?>
<Project ToolsVersion="4.0" xmlns="http://schemas.microsoft.com/developer/msbuild/2003">
  <ItemGroup>
    <Filter Include="Source Files">
      <UniqueIdentifier>{4FC737F1-C7A5-4376-A066-2A32D752A2FF}</UniqueIdentifier>
      <Extensions>cpp;c;cc;cxx;c++;cppm;ixx;def;odl;idl;hpj;bat;asm;asmx</Extensions>
    </Filter>
    <Filter Include="Header Files">
      <UniqueIdentifier>{93995380-89BD-4b04-88EB-625FBE52EBFB}</UniqueIdentifier>
      <Extensions>h;hh;hpp;hxx;h++;hm;inl;inc;ipp;xsd</Extensions>
    </Filter>
    <Filter Include="Resource Files">
      <UniqueIdentifier>{67DA6AB6-F800-4c08-8B7A-83BB121AAD01}</UniqueIdentifier>
      <Extensions>rc;ico;cur;bmp;dlg;rc2;rct;bin;rgs;gif;jpg;jpeg;jpe;resx;tiff;tif;png;wav;mfcribbon-ms</Extensions>
    </Filter>
  </ItemGroup>
  <ItemGroup>
    <ClInclude Include="Modeling and Analysis of Uncertainty.h">
      <Filter>Header Files</Filter>
    </ClInclude>
    <ClInclude Include="framework.h">
      <Filter>Header Files</Filter>
    </ClInclude>
    <ClInclude Include="targetver.h">
      <Filter>Header Files</Filter>
    </ClInclude>
    <ClInclude Include="MainFrm.h">
      <Filter>Header Files</Filter>
    </ClInclude>
    <ClInclude Include="Modeling and Analysis of UncertaintyDoc.h">
      <Filter>Header Files</Filter>
    </ClInclude>
    <ClInclude Include="Modeling and Analysis of UncertaintyView.h">
      <Filter>Header Files</Filter>
    </ClInclude>
    <ClInclude Include="Resource.h">
      <Filter>Header Files</Filter>
    </ClInclude>
    <ClInclude Include="pch.h">
      <Filter>Header Files</Filter>
    </ClInclude>
    <ClInclude Include="ProbabilityDistributions.h">
      <Filter>Header Files</Filter>
    </ClInclude>
    <ClInclude Include="CSelectNumberPCs.h">
      <Filter>Header Files</Filter>
    </ClInclude>
    <ClInclude Include="CDisplayPCs.h">
      <Filter>Header Files</Filter>
    </ClInclude>
    <ClInclude Include="COneSampleHypothesisSelection.h">
      <Filter>Header Files</Filter>
    </ClInclude>
    <ClInclude Include="CSpecifyFactorAnalysis.h">
      <Filter>Header Files</Filter>
    </ClInclude>
    <ClInclude Include="CSpecifyRegressionModel.h">
      <Filter>Header Files</Filter>
    </ClInclude>
    <ClInclude Include="CSettingsDescriptiveStatistics.h">
      <Filter>Header Files</Filter>
    </ClInclude>
    <ClInclude Include="CSelectScatterDiagrams.h">
      <Filter>Header Files</Filter>
    </ClInclude>
    <ClInclude Include="CTwoSampleHypothesisSelection.h">
      <Filter>Header Files</Filter>
    </ClInclude>
    <ClInclude Include="CANNForm.h">
      <Filter>Header Files</Filter>
    </ClInclude>
    <ClInclude Include="CLCDialog.h">
      <Filter>Header Files</Filter>
    </ClInclude>
    <ClInclude Include="CLinearClassificationDlg.h">
      <Filter>Header Files</Filter>
    </ClInclude>
    <ClInclude Include="CLinearClassificationMulticlassFDA.h">
      <Filter>Header Files</Filter>
    </ClInclude>
    <ClInclude Include="CLinearClassificationBinaryFDA.h">
      <Filter>Header Files</Filter>
    </ClInclude>
    <ClInclude Include="NewANN.h">
      <Filter>Header Files</Filter>
    </ClInclude>
  </ItemGroup>
  <ItemGroup>
    <ClCompile Include="Modeling and Analysis of Uncertainty.cpp">
      <Filter>Source Files</Filter>
    </ClCompile>
    <ClCompile Include="MainFrm.cpp">
      <Filter>Source Files</Filter>
    </ClCompile>
    <ClCompile Include="Modeling and Analysis of UncertaintyDoc.cpp">
      <Filter>Source Files</Filter>
    </ClCompile>
    <ClCompile Include="Modeling and Analysis of UncertaintyView.cpp">
      <Filter>Source Files</Filter>
    </ClCompile>
    <ClCompile Include="pch.cpp">
      <Filter>Source Files</Filter>
    </ClCompile>
    <ClCompile Include="ProbabilityDistributions.cpp">
      <Filter>Source Files</Filter>
    </ClCompile>
    <ClCompile Include="CSelectNumberPCs.cpp">
      <Filter>Source Files</Filter>
    </ClCompile>
    <ClCompile Include="CDisplayPCs.cpp">
      <Filter>Source Files</Filter>
    </ClCompile>
    <ClCompile Include="COneSampleHypothesisSelection.cpp">
      <Filter>Source Files</Filter>
    </ClCompile>
    <ClCompile Include="CSpecifyFactorAnalysis.cpp">
      <Filter>Source Files</Filter>
    </ClCompile>
    <ClCompile Include="CSpecifyRegressionModel.cpp">
      <Filter>Source Files</Filter>
    </ClCompile>
    <ClCompile Include="CSettingsDescriptiveStatistics.cpp">
      <Filter>Source Files</Filter>
    </ClCompile>
    <ClCompile Include="CSelectScatterDiagrams.cpp">
      <Filter>Source Files</Filter>
    </ClCompile>
    <ClCompile Include="CTwoSampleHypothesisSelection.cpp">
      <Filter>Source Files</Filter>
    </ClCompile>
    <ClCompile Include="CANNForm.cpp">
      <Filter>Source Files</Filter>
    </ClCompile>
    <ClCompile Include="CLCDialog.cpp">
      <Filter>Source Files</Filter>
    </ClCompile>
    <ClCompile Include="CLinearClassificationDlg.cpp">
      <Filter>Source Files</Filter>
    </ClCompile>
    <ClCompile Include="CLinearClassificationMulticlassFDA.cpp">
      <Filter>Source Files</Filter>
    </ClCompile>
    <ClCompile Include="CLinearClassificationBinaryFDA.cpp">
      <Filter>Source Files</Filter>
    </ClCompile>
    <ClCompile Include="NewANN.cpp">
      <Filter>Source Files</Filter>
    </ClCompile>
  </ItemGroup>
  <ItemGroup>
    <None Include="Modeling and Analysis of Uncertainty.reg" />
    <None Include="res\ModelingandAnalysisofUncertainty.rc2">
      <Filter>Resource Files</Filter>
    </None>
    <None Include="resource.hm">
      <Filter>Header Files</Filter>
    </None>
  </ItemGroup>
  <ItemGroup>
    <ResourceCompile Include="ModelingandAnalysisofUncertainty.rc">
      <Filter>Resource Files</Filter>
    </ResourceCompile>
  </ItemGroup>
  <ItemGroup>
    <Image Include="res\userimages.bmp">
      <Filter>Resource Files</Filter>
    </Image>
    <Image Include="res\Modeling and Analysis of UncertaintyDoc.ico">
      <Filter>Resource Files</Filter>
    </Image>
    <Image Include="res\Modeling and Analysis of Uncertainty.ico">
      <Filter>Resource Files</Filter>
    </Image>
    <Image Include="res\Toolbar.bmp">
      <Filter>Resource Files</Filter>
    </Image>
    <Image Include="res\Toolbar256.bmp">
      <Filter>Resource Files</Filter>
    </Image>
  </ItemGroup>
</Project>